
Microsoft Visual Studio Solution File, Format Version 12.00
# Visual Studio 15
VisualStudioVersion = 15.0.27428.2037
MinimumVisualStudioVersion = 10.0.40219.1
Project("{FAE04EC0-301F-11D3-BF4B-00C04F79EFBC}") = "CSharp_WinForms", "CSharp_WinForms\CSharp_WinForms.csproj", "{226E3711-6769-403F-A381-6C2C7BB5DEDD}"
EndProject
Global
	GlobalSection(SolutionConfigurationPlatforms) = preSolution
		Debug|Any CPU = Debug|Any CPU
		Release|Any CPU = Release|Any CPU
	EndGlobalSection
	GlobalSection(ProjectConfigurationPlatforms) = postSolution
		{226E3711-6769-403F-A381-6C2C7BB5DEDD}.Debug|Any CPU.ActiveCfg = Debug|Any CPU
		{226E3711-6769-403F-A381-6C2C7BB5DEDD}.Debug|Any CPU.Build.0 = Debug|Any CPU
		{226E3711-6769-403F-A381-6C2C7BB5DEDD}.Release|Any CPU.ActiveCfg = Release|Any CPU
		{226E3711-6769-403F-A381-6C2C7BB5DEDD}.Release|Any CPU.Build.0 = Release|Any CPU
	EndGlobalSection
	GlobalSection(SolutionProperties) = preSolution
		HideSolutionNode = FALSE
	EndGlobalSection
	GlobalSection(ExtensibilityGlobals) = postSolution
		SolutionGuid = {9024ACC9-9A5A-4AF9-8AEB-0FE28A42E4FD}
	EndGlobalSection
EndGlobal
